
Microsoft Visual Studio Solution File, Format Version 11.00
# Visual Studio 2010
Project("{8BC9CEB8-8B4A-11D0-8D11-00A0C91BC942}") = "generate_data", "generate_data\generate_data.vcxproj", "{A1D7C478-93B7-49EF-BB0C-875829BA34ED}"
EndProject
Project("{8BC9CEB8-8B4A-11D0-8D11-00A0C91BC942}") = "train", "train\train.vcxproj", "{83CB8B7C-2DB1-4681-AA30-7E94CBBEB8E8}"
EndProject
Project("{8BC9CEB8-8B4A-11D0-8D11-00A0C91BC942}") = "test", "test\test.vcxproj", "{7DF27939-8548-4313-A96D-702A03C51F0F}"
EndProject
Global
	GlobalSection(SolutionConfigurationPlatforms) = preSolution
		Debug|Win32 = Debug|Win32
		Release|Win32 = Release|Win32
	EndGlobalSection
	GlobalSection(ProjectConfigurationPlatforms) = postSolution
		{A1D7C478-93B7-49EF-BB0C-875829BA34ED}.Debug|Win32.ActiveCfg = Debug|Win32
		{A1D7C478-93B7-49EF-BB0C-875829BA34ED}.Debug|Win32.Build.0 = Debug|Win32
		{A1D7C478-93B7-49EF-BB0C-875829BA34ED}.Release|Win32.ActiveCfg = Release|Win32
		{A1D7C478-93B7-49EF-BB0C-875829BA34ED}.Release|Win32.Build.0 = Release|Win32
		{83CB8B7C-2DB1-4681-AA30-7E94CBBEB8E8}.Debug|Win32.ActiveCfg = Debug|Win32
		{83CB8B7C-2DB1-4681-AA30-7E94CBBEB8E8}.Debug|Win32.Build.0 = Debug|Win32
		{83CB8B7C-2DB1-4681-AA30-7E94CBBEB8E8}.Release|Win32.ActiveCfg = Release|Win32
		{83CB8B7C-2DB1-4681-AA30-7E94CBBEB8E8}.Release|Win32.Build.0 = Release|Win32
		{7DF27939-8548-4313-A96D-702A03C51F0F}.Debug|Win32.ActiveCfg = Debug|Win32
		{7DF27939-8548-4313-A96D-702A03C51F0F}.Debug|Win32.Build.0 = Debug|Win32
		{7DF27939-8548-4313-A96D-702A03C51F0F}.Release|Win32.ActiveCfg = Release|Win32
		{7DF27939-8548-4313-A96D-702A03C51F0F}.Release|Win32.Build.0 = Release|Win32
	EndGlobalSection
	GlobalSection(SolutionProperties) = preSolution
		HideSolutionNode = FALSE
	EndGlobalSection
EndGlobal
